<?xml version="1.0" encoding="utf-8"?>
<Project ToolsVersion="4.0" xmlns="http://schemas.microsoft.com/developer/msbuild/2003">
  <ItemGroup>
    <Filter Include="源文件">
      <UniqueIdentifier>{4FC737F1-C7A5-4376-A066-2A32D752A2FF}</UniqueIdentifier>
      <Extensions>cpp;c;cc;cxx;def;odl;idl;hpj;bat;asm;asmx</Extensions>
    </Filter>
    <Filter Include="头文件">
      <UniqueIdentifier>{93995380-89BD-4b04-88EB-625FBE52EBFB}</UniqueIdentifier>
      <Extensions>h;hpp;hxx;hm;inl;inc;xsd</Extensions>
    </Filter>
    <Filter Include="资源文件">
      <UniqueIdentifier>{67DA6AB6-F800-4c08-8B7A-83BB121AAD01}</UniqueIdentifier>
      <Extensions>rc;ico;cur;bmp;dlg;rc2;rct;bin;rgs;gif;jpg;jpeg;jpe;resx;tiff;tif;png;wav;mfcribbon-ms</Extensions>
    </Filter>
    <Filter Include="save_file">
      <UniqueIdentifier>{4eb2cb4d-a39a-43ea-bf71-f917cff064fe}</UniqueIdentifier>
    </Filter>
  </ItemGroup>
  <ItemGroup>
    <ClCompile Include="simplest_ffmpeg_receiver.cpp">
      <Filter>源文件</Filter>
    </ClCompile>
    <ClCompile Include="encodec.cpp">
      <Filter>源文件</Filter>
    </ClCompile>
    <ClCompile Include="Lock.cpp">
      <Filter>源文件</Filter>
    </ClCompile>
    <ClCompile Include="..\mempool\BufPool.cpp">
      <Filter>源文件</Filter>
    </ClCompile>
    <ClCompile Include="service_buffer.cpp">
      <Filter>源文件</Filter>
    </ClCompile>
    <ClCompile Include="savefile.cpp">
      <Filter>save_file</Filter>
    </ClCompile>
    <ClCompile Include="save_file\FFWritter.cpp">
      <Filter>save_file</Filter>
    </ClCompile>
    <ClCompile Include="save_file\ff_reader.cpp">
      <Filter>save_file</Filter>
    </ClCompile>
    <ClCompile Include="libfaad\faac_encoder.cpp">
      <Filter>save_file</Filter>
    </ClCompile>
    <ClCompile Include="reader\FAACDecoder.cpp">
      <Filter>save_file</Filter>
    </ClCompile>
    <ClCompile Include="base\buf_unit_helper.cpp">
      <Filter>save_file</Filter>
    </ClCompile>
  </ItemGroup>
  <ItemGroup>
    <ClInclude Include="encodec.h">
      <Filter>源文件</Filter>
    </ClInclude>
    <ClInclude Include="Lock.h">
      <Filter>源文件</Filter>
    </ClInclude>
    <ClInclude Include="..\mempool\BufPool.h">
      <Filter>源文件</Filter>
    </ClInclude>
    <ClInclude Include="..\mempool\targetver.h">
      <Filter>头文件</Filter>
    </ClInclude>
    <ClInclude Include="..\mempool\stdafx.h">
      <Filter>头文件</Filter>
    </ClInclude>
    <ClInclude Include="DataControl.h">
      <Filter>源文件</Filter>
    </ClInclude>
    <ClInclude Include="service_buffer.h">
      <Filter>源文件</Filter>
    </ClInclude>
    <ClInclude Include="savefile.h">
      <Filter>save_file</Filter>
    </ClInclude>
    <ClInclude Include="save_file\FFWritter.h">
      <Filter>save_file</Filter>
    </ClInclude>
    <ClInclude Include="save_file\TimeCounter.h">
      <Filter>save_file</Filter>
    </ClInclude>
    <ClInclude Include="save_file\ff_reader.h">
      <Filter>save_file</Filter>
    </ClInclude>
    <ClInclude Include="libfaad\faac_encoder.h">
      <Filter>save_file</Filter>
    </ClInclude>
    <ClInclude Include="conver.h">
      <Filter>save_file</Filter>
    </ClInclude>
    <ClInclude Include="reader\FAACDecoder.h">
      <Filter>save_file</Filter>
    </ClInclude>
    <ClInclude Include="base\buf_unit_helper.h">
      <Filter>save_file</Filter>
    </ClInclude>
  </ItemGroup>
</Project>